hash: 9d742a5600b5fcdb44145c0d8cd1001e710482ad5291d2e48e80dd955798a41c
updated: 2016-09-22T12:18:48.3153918+01:00
imports:
- name: gopkg.in/yaml.v2
  version: 31c299268d302dd0aa9a0dcf765a3d58971ac83f
testImports:
- name: github.com/gopherjs/gopherjs
  version: 7600e3d439bd24b1a637bb6b67e9936c7d8736b3
  subpackages:
  - js
- name: github.com/jtolds/gls
  version: 8ddce2a84170772b95dd5d576c48d517b22cac63
- name: github.com/smartystreets/assertions
  version: 2063fd1cc7c975db70502811a34b06ad034ccdf2
  subpackages:
  - internal/go-render/render
  - internal/oglematchers
- name: github.com/smartystreets/goconvey
  version: d4c757aa9afd1e2fc1832aaab209b5794eb336e1
  subpackages:
  - convey
  - convey/gotest
  - convey/reporting
