hash: 2c27660860a349a7ad4d2d32a276e6435b0b4dfd755789d94f091e4eb97f5214
updated: 2016-09-21T23:20:37.507416545+01:00
imports:
- name: gopkg.in/yaml.v2
  version: 31c299268d302dd0aa9a0dcf765a3d58971ac83f
testImports:
- name: github.com/smartystreets/goconvey
  version: d4c757aa9afd1e2fc1832aaab209b5794eb336e1
  subpackages:
  - convey
